{
  "name": "pubky-workshop",
  "version": "0.0.0",
  "lockfileVersion": 3,
  "requires": true,
  "packages": {
    "": {
      "name": "pubky-workshop",
      "version": "0.0.0",
      "dependencies": {
        "@synonymdev/pubky": "0.6.0"
      },
      "engines": {
        "node": ">=20"
      }
    },
    "node_modules/@synonymdev/pubky": {
      "version": "0.6.0",
      "resolved": "https://registry.npmjs.org/@synonymdev/pubky/-/pubky-0.6.0.tgz",
      "integrity": "sha512-Ox8eI5pnE7iOQTi7TdbKhSWs/87YMa3JomREDTAVPrqIhUMr+Qah8971NcJ6gcKrNVZHsGaqYW2eJC1u2YhpMA==",
      "license": "MIT",
      "dependencies": {
        "fetch-cookie": "^3.0.1"
      }
    },
    "node_modules/fetch-cookie": {
      "version": "3.2.0",
      "resolved": "https://registry.npmjs.org/fetch-cookie/-/fetch-cookie-3.2.0.tgz",
      "integrity": "sha512-n61pQIxP25C6DRhcJxn7BDzgHP/+S56Urowb5WFxtcRMpU6drqXD90xjyAsVQYsNSNNVbaCcYY1DuHsdkZLuiA==",
      "license": "Unlicense",
      "dependencies": {
        "set-cookie-parser": "^2.4.8",
        "tough-cookie": "^6.0.0"
      }
    },
    "node_modules/set-cookie-parser": {
      "version": "2.7.2",
      "resolved": "https://registry.npmjs.org/set-cookie-parser/-/set-cookie-parser-2.7.2.tgz",
      "integrity": "sha512-oeM1lpU/UvhTxw+g3cIfxXHyJRc/uidd3yK1P242gzHds0udQBYzs3y8j4gCCW+ZJ7ad0yctld8RYO+bdurlvw==",
      "license": "MIT"
    },
    "node_modules/tldts": {
      "version": "7.0.19",
      "resolved": "https://registry.npmjs.org/tldts/-/tldts-7.0.19.tgz",
      "integrity": "sha512-8PWx8tvC4jDB39BQw1m4x8y5MH1BcQ5xHeL2n7UVFulMPH/3Q0uiamahFJ3lXA0zO2SUyRXuVVbWSDmstlt9YA==",
      "license": "MIT",
      "dependencies": {
        "tldts-core": "^7.0.19"
      },
      "bin": {
        "tldts": "bin/cli.js"
      }
    },
    "node_modules/tldts-core": {
      "version": "7.0.19",
      "resolved": "https://registry.npmjs.org/tldts-core/-/tldts-core-7.0.19.tgz",
      "integrity": "sha512-lJX2dEWx0SGH4O6p+7FPwYmJ/bu1JbcGJ8RLaG9b7liIgZ85itUVEPbMtWRVrde/0fnDPEPHW10ZsKW3kVsE9A==",
      "license": "MIT"
    },
    "node_modules/tough-cookie": {
      "version": "6.0.0",
      "resolved": "https://registry.npmjs.org/tough-cookie/-/tough-cookie-6.0.0.tgz",
      "integrity": "sha512-kXuRi1mtaKMrsLUxz3sQYvVl37B0Ns6MzfrtV5DvJceE9bPyspOqk9xxv7XbZWcfLWbFmm997vl83qUWVJA64w==",
      "license": "BSD-3-Clause",
      "dependencies": {
        "tldts": "^7.0.5"
      },
      "engines": {
        "node": ">=16"
      }
    }
  }
}
